
Microsoft Visual Studio Solution File, Format Version 12.00
# Visual Studio Version 16
VisualStudioVersion = 16.0.29230.47
MinimumVisualStudioVersion = 10.0.40219.1
Project("{8BC9CEB8-8B4A-11D0-8D11-00A0C91BC942}") = "Expand", "Expand\Expand.vcxproj", "{816308F5-B3BC-428E-8AC9-F58B3255443A}"
EndProject
Global
	GlobalSection(SolutionConfigurationPlatforms) = preSolution
		Debug|x64 = Debug|x64
		Debug|x86 = Debug|x86
		Release|x64 = Release|x64
		Release|x86 = Release|x86
	EndGlobalSection
	GlobalSection(ProjectConfigurationPlatforms) = postSolution
		{816308F5-B3BC-428E-8AC9-F58B3255443A}.Debug|x64.ActiveCfg = Debug|x64
		{816308F5-B3BC-428E-8AC9-F58B3255443A}.Debug|x64.Build.0 = Debug|x64
		{816308F5-B3BC-428E-8AC9-F58B3255443A}.Debug|x86.ActiveCfg = Debug|Win32
		{816308F5-B3BC-428E-8AC9-F58B3255443A}.Debug|x86.Build.0 = Debug|Win32
		{816308F5-B3BC-428E-8AC9-F58B3255443A}.Release|x64.ActiveCfg = Release|x64
		{816308F5-B3BC-428E-8AC9-F58B3255443A}.Release|x64.Build.0 = Release|x64
		{816308F5-B3BC-428E-8AC9-F58B3255443A}.Release|x86.ActiveCfg = Release|Win32
		{816308F5-B3BC-428E-8AC9-F58B3255443A}.Release|x86.Build.0 = Release|Win32
	EndGlobalSection
	GlobalSection(SolutionProperties) = preSolution
		HideSolutionNode = FALSE
	EndGlobalSection
	GlobalSection(ExtensibilityGlobals) = postSolution
		SolutionGuid = {5C9F296D-281A-4B9D-8517-D0BC032DB704}
	EndGlobalSection
EndGlobal
